
Microsoft Visual Studio Solution File, Format Version 12.00
# Visual Studio Version 17
VisualStudioVersion = 17.9.34728.123
MinimumVisualStudioVersion = 10.0.40219.1
Project("{2150E333-8FDC-42A3-9474-1A3956D46DE8}") = "src", "src", "{65A065C7-D241-40C9-A8FB-FF0B5DA5D1F5}"
EndProject
Project("{FAE04EC0-301F-11D3-BF4B-00C04F79EFBC}") = "RastreadorDeCalorias.API", "RastreadorDeCalorias.API\RastreadorDeCalorias.API.csproj", "{7F825498-5B0E-49EC-8055-BCF071057286}"
EndProject
Global
	GlobalSection(SolutionConfigurationPlatforms) = preSolution
		Debug|Any CPU = Debug|Any CPU
		Release|Any CPU = Release|Any CPU
	EndGlobalSection
	GlobalSection(ProjectConfigurationPlatforms) = postSolution
		{7F825498-5B0E-49EC-8055-BCF071057286}.Debug|Any CPU.ActiveCfg = Debug|Any CPU
		{7F825498-5B0E-49EC-8055-BCF071057286}.Debug|Any CPU.Build.0 = Debug|Any CPU
		{7F825498-5B0E-49EC-8055-BCF071057286}.Release|Any CPU.ActiveCfg = Release|Any CPU
		{7F825498-5B0E-49EC-8055-BCF071057286}.Release|Any CPU.Build.0 = Release|Any CPU
	EndGlobalSection
	GlobalSection(SolutionProperties) = preSolution
		HideSolutionNode = FALSE
	EndGlobalSection
	GlobalSection(NestedProjects) = preSolution
		{7F825498-5B0E-49EC-8055-BCF071057286} = {65A065C7-D241-40C9-A8FB-FF0B5DA5D1F5}
	EndGlobalSection
	GlobalSection(ExtensibilityGlobals) = postSolution
		SolutionGuid = {5BA2FA11-B12B-4AEB-97FE-8D6145FF33E7}
	EndGlobalSection
EndGlobal
